
Microsoft Visual Studio Solution File, Format Version 12.00
# Visual Studio Version 16
VisualStudioVersion = 16.0.28729.10
MinimumVisualStudioVersion = 10.0.40219.1
Project("{FAE04EC0-301F-11D3-BF4B-00C04F79EFBC}") = "ViewPointReader.Android", "ViewPointReader\ViewPointReader.Android\ViewPointReader.Android.csproj", "{0B5C1BB3-F70A-4365-BF36-E6BF4F0CE279}"
EndProject
Project("{FAE04EC0-301F-11D3-BF4B-00C04F79EFBC}") = "ViewPointReader.iOS", "ViewPointReader\ViewPointReader.iOS\ViewPointReader.iOS.csproj", "{94B0FD09-76BD-40D7-96DE-D5C9471E5500}"
EndProject
Project("{9A19103F-16F7-4668-BE54-9A1E7A4F7556}") = "ViewPointReader", "ViewPointReader\ViewPointReader\ViewPointReader.csproj", "{AD38E6E5-2BF5-494E-B29F-F6A7CED021F1}"
EndProject
Project("{9A19103F-16F7-4668-BE54-9A1E7A4F7556}") = "ViewPointReader.CognitiveServices", "ViewPointReader.CognitiveServices\ViewPointReader.CognitiveServices.csproj", "{109E7E8C-EBB9-4C08-A4B7-3EB51B246411}"
EndProject
Project("{9A19103F-16F7-4668-BE54-9A1E7A4F7556}") = "ViewPointReader.CognitiveServices.UnitTests", "ViewPointReader.CognitiveServices.UnitTests\ViewPointReader.CognitiveServices.UnitTests.csproj", "{E5FA65D4-7A79-4D01-970C-AD5A85B7E2E4}"
EndProject
Project("{9A19103F-16F7-4668-BE54-9A1E7A4F7556}") = "ViewPointReader.CognitiveServices.IntegrationTests", "ViewPointReader.CognitiveServices.IntegrationTests\ViewPointReader.CognitiveServices.IntegrationTests.csproj", "{C91B2B29-2FA6-4D38-9552-5CC17BB06BAF}"
EndProject
Project("{9A19103F-16F7-4668-BE54-9A1E7A4F7556}") = "ViewPointReader.Rss", "ViewPointReader.Rss\ViewPointReader.Rss.csproj", "{E24390BC-0155-4566-B686-6467F22B57A2}"
EndProject
Project("{9A19103F-16F7-4668-BE54-9A1E7A4F7556}") = "ViewPointReader.Rss.UnitTests", "ViewPointReader.Rss.UnitTests\ViewPointReader.Rss.UnitTests.csproj", "{36775FE6-6028-482D-A91B-DD5E8D9E8171}"
EndProject
Project("{9A19103F-16F7-4668-BE54-9A1E7A4F7556}") = "ViewPointReader.Rss.IntegrationTests", "ViewPointReader.Rss.IntegrationTests\ViewPointReader.Rss.IntegrationTests.csproj", "{E4AE9270-17F8-4901-B9FE-E626A9CB9E2F}"
EndProject
Project("{9A19103F-16F7-4668-BE54-9A1E7A4F7556}") = "ViewPointReader.Data", "ViewPortReader.Data\ViewPointReader.Data.csproj", "{3265EE12-96EE-4435-8E73-F3207F10CDA5}"
EndProject
Project("{9A19103F-16F7-4668-BE54-9A1E7A4F7556}") = "ViewPointReader.Core", "ViewPointReader.Core\ViewPointReader.Core.csproj", "{95D7C7D1-316A-40C4-B33B-725FDF1060F2}"
EndProject
Project("{2150E333-8FDC-42A3-9474-1A3956D46DE8}") = "Targets", "Targets", "{B08701F9-610C-47C7-9D4A-86BF49A6DCD2}"
EndProject
Project("{FAE04EC0-301F-11D3-BF4B-00C04F79EFBC}") = "ViewPointReader.UWP", "ViewPointReader\ViewPointReader.UWP\ViewPointReader.UWP.csproj", "{01F20300-7CBA-451A-A7E3-33F80ABCA5C4}"
EndProject
Project("{9A19103F-16F7-4668-BE54-9A1E7A4F7556}") = "ViewPointReader.ModelBuilder", "ViewPointReader.ModelBuilder\ViewPointReader.ModelBuilder.csproj", "{42F9A274-DFBD-46A2-89EE-A795472350C7}"
EndProject
Project("{9A19103F-16F7-4668-BE54-9A1E7A4F7556}") = "ViewPointReader.ModelBuilderApp", "ViewPointReader.ModelBuilderApp\ViewPointReader.ModelBuilderApp.csproj", "{DDB32CF4-044D-4D3E-A618-AB35D656B04F}"
EndProject
Global
	GlobalSection(SolutionConfigurationPlatforms) = preSolution
		Debug|Any CPU = Debug|Any CPU
		Debug|ARM = Debug|ARM
		Debug|iPhone = Debug|iPhone
		Debug|iPhoneSimulator = Debug|iPhoneSimulator
		Debug|x64 = Debug|x64
		Debug|x86 = Debug|x86
		Release|Any CPU = Release|Any CPU
		Release|ARM = Release|ARM
		Release|iPhone = Release|iPhone
		Release|iPhoneSimulator = Release|iPhoneSimulator
		Release|x64 = Release|x64
		Release|x86 = Release|x86
	EndGlobalSection
	GlobalSection(ProjectConfigurationPlatforms) = postSolution
		{0B5C1BB3-F70A-4365-BF36-E6BF4F0CE279}.Debug|Any CPU.ActiveCfg = Debug|Any CPU
		{0B5C1BB3-F70A-4365-BF36-E6BF4F0CE279}.Debug|Any CPU.Build.0 = Debug|Any CPU
		{0B5C1BB3-F70A-4365-BF36-E6BF4F0CE279}.Debug|Any CPU.Deploy.0 = Debug|Any CPU
		{0B5C1BB3-F70A-4365-BF36-E6BF4F0CE279}.Debug|ARM.ActiveCfg = Debug|Any CPU
		{0B5C1BB3-F70A-4365-BF36-E6BF4F0CE279}.Debug|ARM.Build.0 = Debug|Any CPU
		{0B5C1BB3-F70A-4365-BF36-E6BF4F0CE279}.Debug|ARM.Deploy.0 = Debug|Any CPU
		{0B5C1BB3-F70A-4365-BF36-E6BF4F0CE279}.Debug|iPhone.ActiveCfg = Debug|Any CPU
		{0B5C1BB3-F70A-4365-BF36-E6BF4F0CE279}.Debug|iPhone.Build.0 = Debug|Any CPU
		{0B5C1BB3-F70A-4365-BF36-E6BF4F0CE279}.Debug|iPhone.Deploy.0 = Debug|Any CPU
		{0B5C1BB3-F70A-4365-BF36-E6BF4F0CE279}.Debug|iPhoneSimulator.ActiveCfg = Debug|Any CPU
		{0B5C1BB3-F70A-4365-BF36-E6BF4F0CE279}.Debug|iPhoneSimulator.Build.0 = Debug|Any CPU
		{0B5C1BB3-F70A-4365-BF36-E6BF4F0CE279}.Debug|iPhoneSimulator.Deploy.0 = Debug|Any CPU
		{0B5C1BB3-F70A-4365-BF36-E6BF4F0CE279}.Debug|x64.ActiveCfg = Debug|Any CPU
		{0B5C1BB3-F70A-4365-BF36-E6BF4F0CE279}.Debug|x64.Build.0 = Debug|Any CPU
		{0B5C1BB3-F70A-4365-BF36-E6BF4F0CE279}.Debug|x64.Deploy.0 = Debug|Any CPU
		{0B5C1BB3-F70A-4365-BF36-E6BF4F0CE279}.Debug|x86.ActiveCfg = Debug|Any CPU
		{0B5C1BB3-F70A-4365-BF36-E6BF4F0CE279}.Debug|x86.Build.0 = Debug|Any CPU
		{0B5C1BB3-F70A-4365-BF36-E6BF4F0CE279}.Debug|x86.Deploy.0 = Debug|Any CPU
		{0B5C1BB3-F70A-4365-BF36-E6BF4F0CE279}.Release|Any CPU.ActiveCfg = Release|Any CPU
		{0B5C1BB3-F70A-4365-BF36-E6BF4F0CE279}.Release|Any CPU.Build.0 = Release|Any CPU
		{0B5C1BB3-F70A-4365-BF36-E6BF4F0CE279}.Release|Any CPU.Deploy.0 = Release|Any CPU
		{0B5C1BB3-F70A-4365-BF36-E6BF4F0CE279}.Release|ARM.ActiveCfg = Release|Any CPU
		{0B5C1BB3-F70A-4365-BF36-E6BF4F0CE279}.Release|ARM.Build.0 = Release|Any CPU
		{0B5C1BB3-F70A-4365-BF36-E6BF4F0CE279}.Release|ARM.Deploy.0 = Release|Any CPU
		{0B5C1BB3-F70A-4365-BF36-E6BF4F0CE279}.Release|iPhone.ActiveCfg = Release|Any CPU
		{0B5C1BB3-F70A-4365-BF36-E6BF4F0CE279}.Release|iPhone.Build.0 = Release|Any CPU
		{0B5C1BB3-F70A-4365-BF36-E6BF4F0CE279}.Release|iPhone.Deploy.0 = Release|Any CPU
		{0B5C1BB3-F70A-4365-BF36-E6BF4F0CE279}.Release|iPhoneSimulator.ActiveCfg = Release|Any CPU
		{0B5C1BB3-F70A-4365-BF36-E6BF4F0CE279}.Release|iPhoneSimulator.Build.0 = Release|Any CPU
		{0B5C1BB3-F70A-4365-BF36-E6BF4F0CE279}.Release|iPhoneSimulator.Deploy.0 = Release|Any CPU
		{0B5C1BB3-F70A-4365-BF36-E6BF4F0CE279}.Release|x64.ActiveCfg = Release|Any CPU
		{0B5C1BB3-F70A-4365-BF36-E6BF4F0CE279}.Release|x64.Build.0 = Release|Any CPU
		{0B5C1BB3-F70A-4365-BF36-E6BF4F0CE279}.Release|x64.Deploy.0 = Release|Any CPU
		{0B5C1BB3-F70A-4365-BF36-E6BF4F0CE279}.Release|x86.ActiveCfg = Release|Any CPU
		{0B5C1BB3-F70A-4365-BF36-E6BF4F0CE279}.Release|x86.Build.0 = Release|Any CPU
		{0B5C1BB3-F70A-4365-BF36-E6BF4F0CE279}.Release|x86.Deploy.0 = Release|Any CPU
		{94B0FD09-76BD-40D7-96DE-D5C9471E5500}.Debug|Any CPU.ActiveCfg = Debug|iPhoneSimulator
		{94B0FD09-76BD-40D7-96DE-D5C9471E5500}.Debug|Any CPU.Build.0 = Debug|iPhoneSimulator
		{94B0FD09-76BD-40D7-96DE-D5C9471E5500}.Debug|Any CPU.Deploy.0 = Debug|iPhoneSimulator
		{94B0FD09-76BD-40D7-96DE-D5C9471E5500}.Debug|ARM.ActiveCfg = Debug|iPhone
		{94B0FD09-76BD-40D7-96DE-D5C9471E5500}.Debug|iPhone.ActiveCfg = Debug|iPhone
		{94B0FD09-76BD-40D7-96DE-D5C9471E5500}.Debug|iPhone.Build.0 = Debug|iPhone
		{94B0FD09-76BD-40D7-96DE-D5C9471E5500}.Debug|iPhone.Deploy.0 = Debug|iPhone
		{94B0FD09-76BD-40D7-96DE-D5C9471E5500}.Debug|iPhoneSimulator.ActiveCfg = Debug|iPhoneSimulator
		{94B0FD09-76BD-40D7-96DE-D5C9471E5500}.Debug|iPhoneSimulator.Build.0 = Debug|iPhoneSimulator
		{94B0FD09-76BD-40D7-96DE-D5C9471E5500}.Debug|iPhoneSimulator.Deploy.0 = Debug|iPhoneSimulator
		{94B0FD09-76BD-40D7-96DE-D5C9471E5500}.Debug|x64.ActiveCfg = Debug|iPhone
		{94B0FD09-76BD-40D7-96DE-D5C9471E5500}.Debug|x86.ActiveCfg = Debug|iPhone
		{94B0FD09-76BD-40D7-96DE-D5C9471E5500}.Release|Any CPU.ActiveCfg = Release|iPhone
		{94B0FD09-76BD-40D7-96DE-D5C9471E5500}.Release|Any CPU.Build.0 = Release|iPhone
		{94B0FD09-76BD-40D7-96DE-D5C9471E5500}.Release|Any CPU.Deploy.0 = Release|iPhone
		{94B0FD09-76BD-40D7-96DE-D5C9471E5500}.Release|ARM.ActiveCfg = Release|iPhoneSimulator
		{94B0FD09-76BD-40D7-96DE-D5C9471E5500}.Release|iPhone.ActiveCfg = Release|iPhone
		{94B0FD09-76BD-40D7-96DE-D5C9471E5500}.Release|iPhone.Build.0 = Release|iPhone
		{94B0FD09-76BD-40D7-96DE-D5C9471E5500}.Release|iPhone.Deploy.0 = Release|iPhone
		{94B0FD09-76BD-40D7-96DE-D5C9471E5500}.Release|iPhoneSimulator.ActiveCfg = Release|iPhoneSimulator
		{94B0FD09-76BD-40D7-96DE-D5C9471E5500}.Release|iPhoneSimulator.Build.0 = Release|iPhoneSimulator
		{94B0FD09-76BD-40D7-96DE-D5C9471E5500}.Release|iPhoneSimulator.Deploy.0 = Release|iPhoneSimulator
		{94B0FD09-76BD-40D7-96DE-D5C9471E5500}.Release|x64.ActiveCfg = Release|iPhoneSimulator
		{94B0FD09-76BD-40D7-96DE-D5C9471E5500}.Release|x86.ActiveCfg = Release|iPhoneSimulator
		{AD38E6E5-2BF5-494E-B29F-F6A7CED021F1}.Debug|Any CPU.ActiveCfg = Debug|Any CPU
		{AD38E6E5-2BF5-494E-B29F-F6A7CED021F1}.Debug|Any CPU.Build.0 = Debug|Any CPU
		{AD38E6E5-2BF5-494E-B29F-F6A7CED021F1}.Debug|Any CPU.Deploy.0 = Debug|Any CPU
		{AD38E6E5-2BF5-494E-B29F-F6A7CED021F1}.Debug|ARM.ActiveCfg = Debug|Any CPU
		{AD38E6E5-2BF5-494E-B29F-F6A7CED021F1}.Debug|ARM.Build.0 = Debug|Any CPU
		{AD38E6E5-2BF5-494E-B29F-F6A7CED021F1}.Debug|iPhone.ActiveCfg = Debug|Any CPU
		{AD38E6E5-2BF5-494E-B29F-F6A7CED021F1}.Debug|iPhone.Build.0 = Debug|Any CPU
		{AD38E6E5-2BF5-494E-B29F-F6A7CED021F1}.Debug|iPhone.Deploy.0 = Debug|Any CPU
		{AD38E6E5-2BF5-494E-B29F-F6A7CED021F1}.Debug|iPhoneSimulator.ActiveCfg = Debug|Any CPU
		{AD38E6E5-2BF5-494E-B29F-F6A7CED021F1}.Debug|iPhoneSimulator.Build.0 = Debug|Any CPU
		{AD38E6E5-2BF5-494E-B29F-F6A7CED021F1}.Debug|iPhoneSimulator.Deploy.0 = Debug|Any CPU
		{AD38E6E5-2BF5-494E-B29F-F6A7CED021F1}.Debug|x64.ActiveCfg = Debug|Any CPU
		{AD38E6E5-2BF5-494E-B29F-F6A7CED021F1}.Debug|x64.Build.0 = Debug|Any CPU
		{AD38E6E5-2BF5-494E-B29F-F6A7CED021F1}.Debug|x86.ActiveCfg = Debug|Any CPU
		{AD38E6E5-2BF5-494E-B29F-F6A7CED021F1}.Debug|x86.Build.0 = Debug|Any CPU
		{AD38E6E5-2BF5-494E-B29F-F6A7CED021F1}.Release|Any CPU.ActiveCfg = Release|Any CPU
		{AD38E6E5-2BF5-494E-B29F-F6A7CED021F1}.Release|Any CPU.Build.0 = Release|Any CPU
		{AD38E6E5-2BF5-494E-B29F-F6A7CED021F1}.Release|Any CPU.Deploy.0 = Release|Any CPU
		{AD38E6E5-2BF5-494E-B29F-F6A7CED021F1}.Release|ARM.ActiveCfg = Release|Any CPU
		{AD38E6E5-2BF5-494E-B29F-F6A7CED021F1}.Release|ARM.Build.0 = Release|Any CPU
		{AD38E6E5-2BF5-494E-B29F-F6A7CED021F1}.Release|iPhone.ActiveCfg = Release|Any CPU
		{AD38E6E5-2BF5-494E-B29F-F6A7CED021F1}.Release|iPhone.Build.0 = Release|Any CPU
		{AD38E6E5-2BF5-494E-B29F-F6A7CED021F1}.Release|iPhone.Deploy.0 = Release|Any CPU
		{AD38E6E5-2BF5-494E-B29F-F6A7CED021F1}.Release|iPhoneSimulator.ActiveCfg = Release|Any CPU
		{AD38E6E5-2BF5-494E-B29F-F6A7CED021F1}.Release|iPhoneSimulator.Build.0 = Release|Any CPU
		{AD38E6E5-2BF5-494E-B29F-F6A7CED021F1}.Release|iPhoneSimulator.Deploy.0 = Release|Any CPU
		{AD38E6E5-2BF5-494E-B29F-F6A7CED021F1}.Release|x64.ActiveCfg = Release|Any CPU
		{AD38E6E5-2BF5-494E-B29F-F6A7CED021F1}.Release|x64.Build.0 = Release|Any CPU
		{AD38E6E5-2BF5-494E-B29F-F6A7CED021F1}.Release|x86.ActiveCfg = Release|Any CPU
		{AD38E6E5-2BF5-494E-B29F-F6A7CED021F1}.Release|x86.Build.0 = Release|Any CPU
		{109E7E8C-EBB9-4C08-A4B7-3EB51B246411}.Debug|Any CPU.ActiveCfg = Debug|Any CPU
		{109E7E8C-EBB9-4C08-A4B7-3EB51B246411}.Debug|Any CPU.Build.0 = Debug|Any CPU
		{109E7E8C-EBB9-4C08-A4B7-3EB51B246411}.Debug|ARM.ActiveCfg = Debug|Any CPU
		{109E7E8C-EBB9-4C08-A4B7-3EB51B246411}.Debug|ARM.Build.0 = Debug|Any CPU
		{109E7E8C-EBB9-4C08-A4B7-3EB51B246411}.Debug|iPhone.ActiveCfg = Debug|Any CPU
		{109E7E8C-EBB9-4C08-A4B7-3EB51B246411}.Debug|iPhone.Build.0 = Debug|Any CPU
		{109E7E8C-EBB9-4C08-A4B7-3EB51B246411}.Debug|iPhoneSimulator.ActiveCfg = Debug|Any CPU
		{109E7E8C-EBB9-4C08-A4B7-3EB51B246411}.Debug|iPhoneSimulator.Build.0 = Debug|Any CPU
		{109E7E8C-EBB9-4C08-A4B7-3EB51B246411}.Debug|x64.ActiveCfg = Debug|Any CPU
		{109E7E8C-EBB9-4C08-A4B7-3EB51B246411}.Debug|x64.Build.0 = Debug|Any CPU
		{109E7E8C-EBB9-4C08-A4B7-3EB51B246411}.Debug|x86.ActiveCfg = Debug|Any CPU
		{109E7E8C-EBB9-4C08-A4B7-3EB51B246411}.Debug|x86.Build.0 = Debug|Any CPU
		{109E7E8C-EBB9-4C08-A4B7-3EB51B246411}.Release|Any CPU.ActiveCfg = Release|Any CPU
		{109E7E8C-EBB9-4C08-A4B7-3EB51B246411}.Release|Any CPU.Build.0 = Release|Any CPU
		{109E7E8C-EBB9-4C08-A4B7-3EB51B246411}.Release|ARM.ActiveCfg = Release|Any CPU
		{109E7E8C-EBB9-4C08-A4B7-3EB51B246411}.Release|ARM.Build.0 = Release|Any CPU
		{109E7E8C-EBB9-4C08-A4B7-3EB51B246411}.Release|iPhone.ActiveCfg = Release|Any CPU
		{109E7E8C-EBB9-4C08-A4B7-3EB51B246411}.Release|iPhone.Build.0 = Release|Any CPU
		{109E7E8C-EBB9-4C08-A4B7-3EB51B246411}.Release|iPhoneSimulator.ActiveCfg = Release|Any CPU
		{109E7E8C-EBB9-4C08-A4B7-3EB51B246411}.Release|iPhoneSimulator.Build.0 = Release|Any CPU
		{109E7E8C-EBB9-4C08-A4B7-3EB51B246411}.Release|x64.ActiveCfg = Release|Any CPU
		{109E7E8C-EBB9-4C08-A4B7-3EB51B246411}.Release|x64.Build.0 = Release|Any CPU
		{109E7E8C-EBB9-4C08-A4B7-3EB51B246411}.Release|x86.ActiveCfg = Release|Any CPU
		{109E7E8C-EBB9-4C08-A4B7-3EB51B246411}.Release|x86.Build.0 = Release|Any CPU
		{E5FA65D4-7A79-4D01-970C-AD5A85B7E2E4}.Debug|Any CPU.ActiveCfg = Debug|Any CPU
		{E5FA65D4-7A79-4D01-970C-AD5A85B7E2E4}.Debug|Any CPU.Build.0 = Debug|Any CPU
		{E5FA65D4-7A79-4D01-970C-AD5A85B7E2E4}.Debug|ARM.ActiveCfg = Debug|Any CPU
		{E5FA65D4-7A79-4D01-970C-AD5A85B7E2E4}.Debug|ARM.Build.0 = Debug|Any CPU
		{E5FA65D4-7A79-4D01-970C-AD5A85B7E2E4}.Debug|iPhone.ActiveCfg = Debug|Any CPU
		{E5FA65D4-7A79-4D01-970C-AD5A85B7E2E4}.Debug|iPhone.Build.0 = Debug|Any CPU
		{E5FA65D4-7A79-4D01-970C-AD5A85B7E2E4}.Debug|iPhoneSimulator.ActiveCfg = Debug|Any CPU
		{E5FA65D4-7A79-4D01-970C-AD5A85B7E2E4}.Debug|iPhoneSimulator.Build.0 = Debug|Any CPU
		{E5FA65D4-7A79-4D01-970C-AD5A85B7E2E4}.Debug|x64.ActiveCfg = Debug|Any CPU
		{E5FA65D4-7A79-4D01-970C-AD5A85B7E2E4}.Debug|x64.Build.0 = Debug|Any CPU
		{E5FA65D4-7A79-4D01-970C-AD5A85B7E2E4}.Debug|x86.ActiveCfg = Debug|Any CPU
		{E5FA65D4-7A79-4D01-970C-AD5A85B7E2E4}.Debug|x86.Build.0 = Debug|Any CPU
		{E5FA65D4-7A79-4D01-970C-AD5A85B7E2E4}.Release|Any CPU.ActiveCfg = Release|Any CPU
		{E5FA65D4-7A79-4D01-970C-AD5A85B7E2E4}.Release|Any CPU.Build.0 = Release|Any CPU
		{E5FA65D4-7A79-4D01-970C-AD5A85B7E2E4}.Release|ARM.ActiveCfg = Release|Any CPU
		{E5FA65D4-7A79-4D01-970C-AD5A85B7E2E4}.Release|ARM.Build.0 = Release|Any CPU
		{E5FA65D4-7A79-4D01-970C-AD5A85B7E2E4}.Release|iPhone.ActiveCfg = Release|Any CPU
		{E5FA65D4-7A79-4D01-970C-AD5A85B7E2E4}.Release|iPhone.Build.0 = Release|Any CPU
		{E5FA65D4-7A79-4D01-970C-AD5A85B7E2E4}.Release|iPhoneSimulator.ActiveCfg = Release|Any CPU
		{E5FA65D4-7A79-4D01-970C-AD5A85B7E2E4}.Release|iPhoneSimulator.Build.0 = Release|Any CPU
		{E5FA65D4-7A79-4D01-970C-AD5A85B7E2E4}.Release|x64.ActiveCfg = Release|Any CPU
		{E5FA65D4-7A79-4D01-970C-AD5A85B7E2E4}.Release|x64.Build.0 = Release|Any CPU
		{E5FA65D4-7A79-4D01-970C-AD5A85B7E2E4}.Release|x86.ActiveCfg = Release|Any CPU
		{E5FA65D4-7A79-4D01-970C-AD5A85B7E2E4}.Release|x86.Build.0 = Release|Any CPU
		{C91B2B29-2FA6-4D38-9552-5CC17BB06BAF}.Debug|Any CPU.ActiveCfg = Debug|Any CPU
		{C91B2B29-2FA6-4D38-9552-5CC17BB06BAF}.Debug|Any CPU.Build.0 = Debug|Any CPU
		{C91B2B29-2FA6-4D38-9552-5CC17BB06BAF}.Debug|ARM.ActiveCfg = Debug|Any CPU
		{C91B2B29-2FA6-4D38-9552-5CC17BB06BAF}.Debug|ARM.Build.0 = Debug|Any CPU
		{C91B2B29-2FA6-4D38-9552-5CC17BB06BAF}.Debug|iPhone.ActiveCfg = Debug|Any CPU
		{C91B2B29-2FA6-4D38-9552-5CC17BB06BAF}.Debug|iPhone.Build.0 = Debug|Any CPU
		{C91B2B29-2FA6-4D38-9552-5CC17BB06BAF}.Debug|iPhoneSimulator.ActiveCfg = Debug|Any CPU
		{C91B2B29-2FA6-4D38-9552-5CC17BB06BAF}.Debug|iPhoneSimulator.Build.0 = Debug|Any CPU
		{C91B2B29-2FA6-4D38-9552-5CC17BB06BAF}.Debug|x64.ActiveCfg = Debug|Any CPU
		{C91B2B29-2FA6-4D38-9552-5CC17BB06BAF}.Debug|x64.Build.0 = Debug|Any CPU
		{C91B2B29-2FA6-4D38-9552-5CC17BB06BAF}.Debug|x86.ActiveCfg = Debug|Any CPU
		{C91B2B29-2FA6-4D38-9552-5CC17BB06BAF}.Debug|x86.Build.0 = Debug|Any CPU
		{C91B2B29-2FA6-4D38-9552-5CC17BB06BAF}.Release|Any CPU.ActiveCfg = Release|Any CPU
		{C91B2B29-2FA6-4D38-9552-5CC17BB06BAF}.Release|Any CPU.Build.0 = Release|Any CPU
		{C91B2B29-2FA6-4D38-9552-5CC17BB06BAF}.Release|ARM.ActiveCfg = Release|Any CPU
		{C91B2B29-2FA6-4D38-9552-5CC17BB06BAF}.Release|ARM.Build.0 = Release|Any CPU
		{C91B2B29-2FA6-4D38-9552-5CC17BB06BAF}.Release|iPhone.ActiveCfg = Release|Any CPU
		{C91B2B29-2FA6-4D38-9552-5CC17BB06BAF}.Release|iPhone.Build.0 = Release|Any CPU
		{C91B2B29-2FA6-4D38-9552-5CC17BB06BAF}.Release|iPhoneSimulator.ActiveCfg = Release|Any CPU
		{C91B2B29-2FA6-4D38-9552-5CC17BB06BAF}.Release|iPhoneSimulator.Build.0 = Release|Any CPU
		{C91B2B29-2FA6-4D38-9552-5CC17BB06BAF}.Release|x64.ActiveCfg = Release|Any CPU
		{C91B2B29-2FA6-4D38-9552-5CC17BB06BAF}.Release|x64.Build.0 = Release|Any CPU
		{C91B2B29-2FA6-4D38-9552-5CC17BB06BAF}.Release|x86.ActiveCfg = Release|Any CPU
		{C91B2B29-2FA6-4D38-9552-5CC17BB06BAF}.Release|x86.Build.0 = Release|Any CPU
		{E24390BC-0155-4566-B686-6467F22B57A2}.Debug|Any CPU.ActiveCfg = Debug|Any CPU
		{E24390BC-0155-4566-B686-6467F22B57A2}.Debug|Any CPU.Build.0 = Debug|Any CPU
		{E24390BC-0155-4566-B686-6467F22B57A2}.Debug|ARM.ActiveCfg = Debug|Any CPU
		{E24390BC-0155-4566-B686-6467F22B57A2}.Debug|ARM.Build.0 = Debug|Any CPU
		{E24390BC-0155-4566-B686-6467F22B57A2}.Debug|iPhone.ActiveCfg = Debug|Any CPU
		{E24390BC-0155-4566-B686-6467F22B57A2}.Debug|iPhone.Build.0 = Debug|Any CPU
		{E24390BC-0155-4566-B686-6467F22B57A2}.Debug|iPhoneSimulator.ActiveCfg = Debug|Any CPU
		{E24390BC-0155-4566-B686-6467F22B57A2}.Debug|iPhoneSimulator.Build.0 = Debug|Any CPU
		{E24390BC-0155-4566-B686-6467F22B57A2}.Debug|x64.ActiveCfg = Debug|Any CPU
		{E24390BC-0155-4566-B686-6467F22B57A2}.Debug|x64.Build.0 = Debug|Any CPU
		{E24390BC-0155-4566-B686-6467F22B57A2}.Debug|x86.ActiveCfg = Debug|Any CPU
		{E24390BC-0155-4566-B686-6467F22B57A2}.Debug|x86.Build.0 = Debug|Any CPU
		{E24390BC-0155-4566-B686-6467F22B57A2}.Release|Any CPU.ActiveCfg = Release|Any CPU
		{E24390BC-0155-4566-B686-6467F22B57A2}.Release|Any CPU.Build.0 = Release|Any CPU
		{E24390BC-0155-4566-B686-6467F22B57A2}.Release|ARM.ActiveCfg = Release|Any CPU
		{E24390BC-0155-4566-B686-6467F22B57A2}.Release|ARM.Build.0 = Release|Any CPU
		{E24390BC-0155-4566-B686-6467F22B57A2}.Release|iPhone.ActiveCfg = Release|Any CPU
		{E24390BC-0155-4566-B686-6467F22B57A2}.Release|iPhone.Build.0 = Release|Any CPU
		{E24390BC-0155-4566-B686-6467F22B57A2}.Release|iPhoneSimulator.ActiveCfg = Release|Any CPU
		{E24390BC-0155-4566-B686-6467F22B57A2}.Release|iPhoneSimulator.Build.0 = Release|Any CPU
		{E24390BC-0155-4566-B686-6467F22B57A2}.Release|x64.ActiveCfg = Release|Any CPU
		{E24390BC-0155-4566-B686-6467F22B57A2}.Release|x64.Build.0 = Release|Any CPU
		{E24390BC-0155-4566-B686-6467F22B57A2}.Release|x86.ActiveCfg = Release|Any CPU
		{E24390BC-0155-4566-B686-6467F22B57A2}.Release|x86.Build.0 = Release|Any CPU
		{36775FE6-6028-482D-A91B-DD5E8D9E8171}.Debug|Any CPU.ActiveCfg = Debug|Any CPU
		{36775FE6-6028-482D-A91B-DD5E8D9E8171}.Debug|Any CPU.Build.0 = Debug|Any CPU
		{36775FE6-6028-482D-A91B-DD5E8D9E8171}.Debug|ARM.ActiveCfg = Debug|Any CPU
		{36775FE6-6028-482D-A91B-DD5E8D9E8171}.Debug|ARM.Build.0 = Debug|Any CPU
		{36775FE6-6028-482D-A91B-DD5E8D9E8171}.Debug|iPhone.ActiveCfg = Debug|Any CPU
		{36775FE6-6028-482D-A91B-DD5E8D9E8171}.Debug|iPhone.Build.0 = Debug|Any CPU
		{36775FE6-6028-482D-A91B-DD5E8D9E8171}.Debug|iPhoneSimulator.ActiveCfg = Debug|Any CPU
		{36775FE6-6028-482D-A91B-DD5E8D9E8171}.Debug|iPhoneSimulator.Build.0 = Debug|Any CPU
		{36775FE6-6028-482D-A91B-DD5E8D9E8171}.Debug|x64.ActiveCfg = Debug|Any CPU
		{36775FE6-6028-482D-A91B-DD5E8D9E8171}.Debug|x64.Build.0 = Debug|Any CPU
		{36775FE6-6028-482D-A91B-DD5E8D9E8171}.Debug|x86.ActiveCfg = Debug|Any CPU
		{36775FE6-6028-482D-A91B-DD5E8D9E8171}.Debug|x86.Build.0 = Debug|Any CPU
		{36775FE6-6028-482D-A91B-DD5E8D9E8171}.Release|Any CPU.ActiveCfg = Release|Any CPU
		{36775FE6-6028-482D-A91B-DD5E8D9E8171}.Release|Any CPU.Build.0 = Release|Any CPU
		{36775FE6-6028-482D-A91B-DD5E8D9E8171}.Release|ARM.ActiveCfg = Release|Any CPU
		{36775FE6-6028-482D-A91B-DD5E8D9E8171}.Release|ARM.Build.0 = Release|Any CPU
		{36775FE6-6028-482D-A91B-DD5E8D9E8171}.Release|iPhone.ActiveCfg = Release|Any CPU
		{36775FE6-6028-482D-A91B-DD5E8D9E8171}.Release|iPhone.Build.0 = Release|Any CPU
		{36775FE6-6028-482D-A91B-DD5E8D9E8171}.Release|iPhoneSimulator.ActiveCfg = Release|Any CPU
		{36775FE6-6028-482D-A91B-DD5E8D9E8171}.Release|iPhoneSimulator.Build.0 = Release|Any CPU
		{36775FE6-6028-482D-A91B-DD5E8D9E8171}.Release|x64.ActiveCfg = Release|Any CPU
		{36775FE6-6028-482D-A91B-DD5E8D9E8171}.Release|x64.Build.0 = Release|Any CPU
		{36775FE6-6028-482D-A91B-DD5E8D9E8171}.Release|x86.ActiveCfg = Release|Any CPU
		{36775FE6-6028-482D-A91B-DD5E8D9E8171}.Release|x86.Build.0 = Release|Any CPU
		{E4AE9270-17F8-4901-B9FE-E626A9CB9E2F}.Debug|Any CPU.ActiveCfg = Debug|Any CPU
		{E4AE9270-17F8-4901-B9FE-E626A9CB9E2F}.Debug|Any CPU.Build.0 = Debug|Any CPU
		{E4AE9270-17F8-4901-B9FE-E626A9CB9E2F}.Debug|ARM.ActiveCfg = Debug|Any CPU
		{E4AE9270-17F8-4901-B9FE-E626A9CB9E2F}.Debug|ARM.Build.0 = Debug|Any CPU
		{E4AE9270-17F8-4901-B9FE-E626A9CB9E2F}.Debug|iPhone.ActiveCfg = Debug|Any CPU
		{E4AE9270-17F8-4901-B9FE-E626A9CB9E2F}.Debug|iPhone.Build.0 = Debug|Any CPU
		{E4AE9270-17F8-4901-B9FE-E626A9CB9E2F}.Debug|iPhoneSimulator.ActiveCfg = Debug|Any CPU
		{E4AE9270-17F8-4901-B9FE-E626A9CB9E2F}.Debug|iPhoneSimulator.Build.0 = Debug|Any CPU
		{E4AE9270-17F8-4901-B9FE-E626A9CB9E2F}.Debug|x64.ActiveCfg = Debug|Any CPU
		{E4AE9270-17F8-4901-B9FE-E626A9CB9E2F}.Debug|x64.Build.0 = Debug|Any CPU
		{E4AE9270-17F8-4901-B9FE-E626A9CB9E2F}.Debug|x86.ActiveCfg = Debug|Any CPU
		{E4AE9270-17F8-4901-B9FE-E626A9CB9E2F}.Debug|x86.Build.0 = Debug|Any CPU
		{E4AE9270-17F8-4901-B9FE-E626A9CB9E2F}.Release|Any CPU.ActiveCfg = Release|Any CPU
		{E4AE9270-17F8-4901-B9FE-E626A9CB9E2F}.Release|Any CPU.Build.0 = Release|Any CPU
		{E4AE9270-17F8-4901-B9FE-E626A9CB9E2F}.Release|ARM.ActiveCfg = Release|Any CPU
		{E4AE9270-17F8-4901-B9FE-E626A9CB9E2F}.Release|ARM.Build.0 = Release|Any CPU
		{E4AE9270-17F8-4901-B9FE-E626A9CB9E2F}.Release|iPhone.ActiveCfg = Release|Any CPU
		{E4AE9270-17F8-4901-B9FE-E626A9CB9E2F}.Release|iPhone.Build.0 = Release|Any CPU
		{E4AE9270-17F8-4901-B9FE-E626A9CB9E2F}.Release|iPhoneSimulator.ActiveCfg = Release|Any CPU
		{E4AE9270-17F8-4901-B9FE-E626A9CB9E2F}.Release|iPhoneSimulator.Build.0 = Release|Any CPU
		{E4AE9270-17F8-4901-B9FE-E626A9CB9E2F}.Release|x64.ActiveCfg = Release|Any CPU
		{E4AE9270-17F8-4901-B9FE-E626A9CB9E2F}.Release|x64.Build.0 = Release|Any CPU
		{E4AE9270-17F8-4901-B9FE-E626A9CB9E2F}.Release|x86.ActiveCfg = Release|Any CPU
		{E4AE9270-17F8-4901-B9FE-E626A9CB9E2F}.Release|x86.Build.0 = Release|Any CPU
		{3265EE12-96EE-4435-8E73-F3207F10CDA5}.Debug|Any CPU.ActiveCfg = Debug|Any CPU
		{3265EE12-96EE-4435-8E73-F3207F10CDA5}.Debug|Any CPU.Build.0 = Debug|Any CPU
		{3265EE12-96EE-4435-8E73-F3207F10CDA5}.Debug|ARM.ActiveCfg = Debug|Any CPU
		{3265EE12-96EE-4435-8E73-F3207F10CDA5}.Debug|ARM.Build.0 = Debug|Any CPU
		{3265EE12-96EE-4435-8E73-F3207F10CDA5}.Debug|iPhone.ActiveCfg = Debug|Any CPU
		{3265EE12-96EE-4435-8E73-F3207F10CDA5}.Debug|iPhone.Build.0 = Debug|Any CPU
		{3265EE12-96EE-4435-8E73-F3207F10CDA5}.Debug|iPhoneSimulator.ActiveCfg = Debug|Any CPU
		{3265EE12-96EE-4435-8E73-F3207F10CDA5}.Debug|iPhoneSimulator.Build.0 = Debug|Any CPU
		{3265EE12-96EE-4435-8E73-F3207F10CDA5}.Debug|x64.ActiveCfg = Debug|Any CPU
		{3265EE12-96EE-4435-8E73-F3207F10CDA5}.Debug|x64.Build.0 = Debug|Any CPU
		{3265EE12-96EE-4435-8E73-F3207F10CDA5}.Debug|x86.ActiveCfg = Debug|Any CPU
		{3265EE12-96EE-4435-8E73-F3207F10CDA5}.Debug|x86.Build.0 = Debug|Any CPU
		{3265EE12-96EE-4435-8E73-F3207F10CDA5}.Release|Any CPU.ActiveCfg = Release|Any CPU
		{3265EE12-96EE-4435-8E73-F3207F10CDA5}.Release|Any CPU.Build.0 = Release|Any CPU
		{3265EE12-96EE-4435-8E73-F3207F10CDA5}.Release|ARM.ActiveCfg = Release|Any CPU
		{3265EE12-96EE-4435-8E73-F3207F10CDA5}.Release|ARM.Build.0 = Release|Any CPU
		{3265EE12-96EE-4435-8E73-F3207F10CDA5}.Release|iPhone.ActiveCfg = Release|Any CPU
		{3265EE12-96EE-4435-8E73-F3207F10CDA5}.Release|iPhone.Build.0 = Release|Any CPU
		{3265EE12-96EE-4435-8E73-F3207F10CDA5}.Release|iPhoneSimulator.ActiveCfg = Release|Any CPU
		{3265EE12-96EE-4435-8E73-F3207F10CDA5}.Release|iPhoneSimulator.Build.0 = Release|Any CPU
		{3265EE12-96EE-4435-8E73-F3207F10CDA5}.Release|x64.ActiveCfg = Release|Any CPU
		{3265EE12-96EE-4435-8E73-F3207F10CDA5}.Release|x64.Build.0 = Release|Any CPU
		{3265EE12-96EE-4435-8E73-F3207F10CDA5}.Release|x86.ActiveCfg = Release|Any CPU
		{3265EE12-96EE-4435-8E73-F3207F10CDA5}.Release|x86.Build.0 = Release|Any CPU
		{95D7C7D1-316A-40C4-B33B-725FDF1060F2}.Debug|Any CPU.ActiveCfg = Debug|Any CPU
		{95D7C7D1-316A-40C4-B33B-725FDF1060F2}.Debug|Any CPU.Build.0 = Debug|Any CPU
		{95D7C7D1-316A-40C4-B33B-725FDF1060F2}.Debug|ARM.ActiveCfg = Debug|Any CPU
		{95D7C7D1-316A-40C4-B33B-725FDF1060F2}.Debug|ARM.Build.0 = Debug|Any CPU
		{95D7C7D1-316A-40C4-B33B-725FDF1060F2}.Debug|iPhone.ActiveCfg = Debug|Any CPU
		{95D7C7D1-316A-40C4-B33B-725FDF1060F2}.Debug|iPhone.Build.0 = Debug|Any CPU
		{95D7C7D1-316A-40C4-B33B-725FDF1060F2}.Debug|iPhoneSimulator.ActiveCfg = Debug|Any CPU
		{95D7C7D1-316A-40C4-B33B-725FDF1060F2}.Debug|iPhoneSimulator.Build.0 = Debug|Any CPU
		{95D7C7D1-316A-40C4-B33B-725FDF1060F2}.Debug|x64.ActiveCfg = Debug|Any CPU
		{95D7C7D1-316A-40C4-B33B-725FDF1060F2}.Debug|x64.Build.0 = Debug|Any CPU
		{95D7C7D1-316A-40C4-B33B-725FDF1060F2}.Debug|x86.ActiveCfg = Debug|Any CPU
		{95D7C7D1-316A-40C4-B33B-725FDF1060F2}.Debug|x86.Build.0 = Debug|Any CPU
		{95D7C7D1-316A-40C4-B33B-725FDF1060F2}.Release|Any CPU.ActiveCfg = Release|Any CPU
		{95D7C7D1-316A-40C4-B33B-725FDF1060F2}.Release|Any CPU.Build.0 = Release|Any CPU
		{95D7C7D1-316A-40C4-B33B-725FDF1060F2}.Release|ARM.ActiveCfg = Release|Any CPU
		{95D7C7D1-316A-40C4-B33B-725FDF1060F2}.Release|ARM.Build.0 = Release|Any CPU
		{95D7C7D1-316A-40C4-B33B-725FDF1060F2}.Release|iPhone.ActiveCfg = Release|Any CPU
		{95D7C7D1-316A-40C4-B33B-725FDF1060F2}.Release|iPhone.Build.0 = Release|Any CPU
		{95D7C7D1-316A-40C4-B33B-725FDF1060F2}.Release|iPhoneSimulator.ActiveCfg = Release|Any CPU
		{95D7C7D1-316A-40C4-B33B-725FDF1060F2}.Release|iPhoneSimulator.Build.0 = Release|Any CPU
		{95D7C7D1-316A-40C4-B33B-725FDF1060F2}.Release|x64.ActiveCfg = Release|Any CPU
		{95D7C7D1-316A-40C4-B33B-725FDF1060F2}.Release|x64.Build.0 = Release|Any CPU
		{95D7C7D1-316A-40C4-B33B-725FDF1060F2}.Release|x86.ActiveCfg = Release|Any CPU
		{95D7C7D1-316A-40C4-B33B-725FDF1060F2}.Release|x86.Build.0 = Release|Any CPU
		{01F20300-7CBA-451A-A7E3-33F80ABCA5C4}.Debug|Any CPU.ActiveCfg = Debug|x86
		{01F20300-7CBA-451A-A7E3-33F80ABCA5C4}.Debug|ARM.ActiveCfg = Debug|ARM
		{01F20300-7CBA-451A-A7E3-33F80ABCA5C4}.Debug|ARM.Build.0 = Debug|ARM
		{01F20300-7CBA-451A-A7E3-33F80ABCA5C4}.Debug|ARM.Deploy.0 = Debug|ARM
		{01F20300-7CBA-451A-A7E3-33F80ABCA5C4}.Debug|iPhone.ActiveCfg = Debug|x86
		{01F20300-7CBA-451A-A7E3-33F80ABCA5C4}.Debug|iPhoneSimulator.ActiveCfg = Debug|x86
		{01F20300-7CBA-451A-A7E3-33F80ABCA5C4}.Debug|x64.ActiveCfg = Debug|x64
		{01F20300-7CBA-451A-A7E3-33F80ABCA5C4}.Debug|x64.Build.0 = Debug|x64
		{01F20300-7CBA-451A-A7E3-33F80ABCA5C4}.Debug|x64.Deploy.0 = Debug|x64
		{01F20300-7CBA-451A-A7E3-33F80ABCA5C4}.Debug|x86.ActiveCfg = Debug|x86
		{01F20300-7CBA-451A-A7E3-33F80ABCA5C4}.Debug|x86.Build.0 = Debug|x86
		{01F20300-7CBA-451A-A7E3-33F80ABCA5C4}.Debug|x86.Deploy.0 = Debug|x86
		{01F20300-7CBA-451A-A7E3-33F80ABCA5C4}.Release|Any CPU.ActiveCfg = Release|x86
		{01F20300-7CBA-451A-A7E3-33F80ABCA5C4}.Release|ARM.ActiveCfg = Release|ARM
		{01F20300-7CBA-451A-A7E3-33F80ABCA5C4}.Release|ARM.Build.0 = Release|ARM
		{01F20300-7CBA-451A-A7E3-33F80ABCA5C4}.Release|ARM.Deploy.0 = Release|ARM
		{01F20300-7CBA-451A-A7E3-33F80ABCA5C4}.Release|iPhone.ActiveCfg = Release|x86
		{01F20300-7CBA-451A-A7E3-33F80ABCA5C4}.Release|iPhoneSimulator.ActiveCfg = Release|x86
		{01F20300-7CBA-451A-A7E3-33F80ABCA5C4}.Release|x64.ActiveCfg = Release|x64
		{01F20300-7CBA-451A-A7E3-33F80ABCA5C4}.Release|x64.Build.0 = Release|x64
		{01F20300-7CBA-451A-A7E3-33F80ABCA5C4}.Release|x64.Deploy.0 = Release|x64
		{01F20300-7CBA-451A-A7E3-33F80ABCA5C4}.Release|x86.ActiveCfg = Release|x86
		{01F20300-7CBA-451A-A7E3-33F80ABCA5C4}.Release|x86.Build.0 = Release|x86
		{01F20300-7CBA-451A-A7E3-33F80ABCA5C4}.Release|x86.Deploy.0 = Release|x86
		{42F9A274-DFBD-46A2-89EE-A795472350C7}.Debug|Any CPU.ActiveCfg = Debug|Any CPU
		{42F9A274-DFBD-46A2-89EE-A795472350C7}.Debug|Any CPU.Build.0 = Debug|Any CPU
		{42F9A274-DFBD-46A2-89EE-A795472350C7}.Debug|ARM.ActiveCfg = Debug|Any CPU
		{42F9A274-DFBD-46A2-89EE-A795472350C7}.Debug|ARM.Build.0 = Debug|Any CPU
		{42F9A274-DFBD-46A2-89EE-A795472350C7}.Debug|iPhone.ActiveCfg = Debug|Any CPU
		{42F9A274-DFBD-46A2-89EE-A795472350C7}.Debug|iPhone.Build.0 = Debug|Any CPU
		{42F9A274-DFBD-46A2-89EE-A795472350C7}.Debug|iPhoneSimulator.ActiveCfg = Debug|Any CPU
		{42F9A274-DFBD-46A2-89EE-A795472350C7}.Debug|iPhoneSimulator.Build.0 = Debug|Any CPU
		{42F9A274-DFBD-46A2-89EE-A795472350C7}.Debug|x64.ActiveCfg = Debug|Any CPU
		{42F9A274-DFBD-46A2-89EE-A795472350C7}.Debug|x64.Build.0 = Debug|Any CPU
		{42F9A274-DFBD-46A2-89EE-A795472350C7}.Debug|x86.ActiveCfg = Debug|Any CPU
		{42F9A274-DFBD-46A2-89EE-A795472350C7}.Debug|x86.Build.0 = Debug|Any CPU
		{42F9A274-DFBD-46A2-89EE-A795472350C7}.Release|Any CPU.ActiveCfg = Release|Any CPU
		{42F9A274-DFBD-46A2-89EE-A795472350C7}.Release|Any CPU.Build.0 = Release|Any CPU
		{42F9A274-DFBD-46A2-89EE-A795472350C7}.Release|ARM.ActiveCfg = Release|Any CPU
		{42F9A274-DFBD-46A2-89EE-A795472350C7}.Release|ARM.Build.0 = Release|Any CPU
		{42F9A274-DFBD-46A2-89EE-A795472350C7}.Release|iPhone.ActiveCfg = Release|Any CPU
		{42F9A274-DFBD-46A2-89EE-A795472350C7}.Release|iPhone.Build.0 = Release|Any CPU
		{42F9A274-DFBD-46A2-89EE-A795472350C7}.Release|iPhoneSimulator.ActiveCfg = Release|Any CPU
		{42F9A274-DFBD-46A2-89EE-A795472350C7}.Release|iPhoneSimulator.Build.0 = Release|Any CPU
		{42F9A274-DFBD-46A2-89EE-A795472350C7}.Release|x64.ActiveCfg = Release|Any CPU
		{42F9A274-DFBD-46A2-89EE-A795472350C7}.Release|x64.Build.0 = Release|Any CPU
		{42F9A274-DFBD-46A2-89EE-A795472350C7}.Release|x86.ActiveCfg = Release|Any CPU
		{42F9A274-DFBD-46A2-89EE-A795472350C7}.Release|x86.Build.0 = Release|Any CPU
		{DDB32CF4-044D-4D3E-A618-AB35D656B04F}.Debug|Any CPU.ActiveCfg = Debug|Any CPU
		{DDB32CF4-044D-4D3E-A618-AB35D656B04F}.Debug|Any CPU.Build.0 = Debug|Any CPU
		{DDB32CF4-044D-4D3E-A618-AB35D656B04F}.Debug|ARM.ActiveCfg = Debug|Any CPU
		{DDB32CF4-044D-4D3E-A618-AB35D656B04F}.Debug|ARM.Build.0 = Debug|Any CPU
		{DDB32CF4-044D-4D3E-A618-AB35D656B04F}.Debug|iPhone.ActiveCfg = Debug|Any CPU
		{DDB32CF4-044D-4D3E-A618-AB35D656B04F}.Debug|iPhone.Build.0 = Debug|Any CPU
		{DDB32CF4-044D-4D3E-A618-AB35D656B04F}.Debug|iPhoneSimulator.ActiveCfg = Debug|Any CPU
		{DDB32CF4-044D-4D3E-A618-AB35D656B04F}.Debug|iPhoneSimulator.Build.0 = Debug|Any CPU
		{DDB32CF4-044D-4D3E-A618-AB35D656B04F}.Debug|x64.ActiveCfg = Debug|Any CPU
		{DDB32CF4-044D-4D3E-A618-AB35D656B04F}.Debug|x64.Build.0 = Debug|Any CPU
		{DDB32CF4-044D-4D3E-A618-AB35D656B04F}.Debug|x86.ActiveCfg = Debug|Any CPU
		{DDB32CF4-044D-4D3E-A618-AB35D656B04F}.Debug|x86.Build.0 = Debug|Any CPU
		{DDB32CF4-044D-4D3E-A618-AB35D656B04F}.Release|Any CPU.ActiveCfg = Release|Any CPU
		{DDB32CF4-044D-4D3E-A618-AB35D656B04F}.Release|Any CPU.Build.0 = Release|Any CPU
		{DDB32CF4-044D-4D3E-A618-AB35D656B04F}.Release|ARM.ActiveCfg = Release|Any CPU
		{DDB32CF4-044D-4D3E-A618-AB35D656B04F}.Release|ARM.Build.0 = Release|Any CPU
		{DDB32CF4-044D-4D3E-A618-AB35D656B04F}.Release|iPhone.ActiveCfg = Release|Any CPU
		{DDB32CF4-044D-4D3E-A618-AB35D656B04F}.Release|iPhone.Build.0 = Release|Any CPU
		{DDB32CF4-044D-4D3E-A618-AB35D656B04F}.Release|iPhoneSimulator.ActiveCfg = Release|Any CPU
		{DDB32CF4-044D-4D3E-A618-AB35D656B04F}.Release|iPhoneSimulator.Build.0 = Release|Any CPU
		{DDB32CF4-044D-4D3E-A618-AB35D656B04F}.Release|x64.ActiveCfg = Release|Any CPU
		{DDB32CF4-044D-4D3E-A618-AB35D656B04F}.Release|x64.Build.0 = Release|Any CPU
		{DDB32CF4-044D-4D3E-A618-AB35D656B04F}.Release|x86.ActiveCfg = Release|Any CPU
		{DDB32CF4-044D-4D3E-A618-AB35D656B04F}.Release|x86.Build.0 = Release|Any CPU
	EndGlobalSection
	GlobalSection(SolutionProperties) = preSolution
		HideSolutionNode = FALSE
	EndGlobalSection
	GlobalSection(NestedProjects) = preSolution
		{0B5C1BB3-F70A-4365-BF36-E6BF4F0CE279} = {B08701F9-610C-47C7-9D4A-86BF49A6DCD2}
		{94B0FD09-76BD-40D7-96DE-D5C9471E5500} = {B08701F9-610C-47C7-9D4A-86BF49A6DCD2}
		{01F20300-7CBA-451A-A7E3-33F80ABCA5C4} = {B08701F9-610C-47C7-9D4A-86BF49A6DCD2}
	EndGlobalSection
	GlobalSection(ExtensibilityGlobals) = postSolution
		SolutionGuid = {A8BBB922-C3EE-4FF8-B011-11D39B734D0F}
	EndGlobalSection
EndGlobal
