
Microsoft Visual Studio Solution File, Format Version 12.00
# Visual Studio Version 16
VisualStudioVersion = 16.0.28729.10
MinimumVisualStudioVersion = 10.0.40219.1
Project("{FAE04EC0-301F-11D3-BF4B-00C04F79EFBC}") = "ViewPointReader.Android", "ViewPointReader\ViewPointReader.Android\ViewPointReader.Android.csproj", "{0B5C1BB3-F70A-4365-BF36-E6BF4F0CE279}"
EndProject
Project("{FAE04EC0-301F-11D3-BF4B-00C04F79EFBC}") = "ViewPointReader.iOS", "ViewPointReader\ViewPointReader.iOS\ViewPointReader.iOS.csproj", "{94B0FD09-76BD-40D7-96DE-D5C9471E5500}"
EndProject
Project("{9A19103F-16F7-4668-BE54-9A1E7A4F7556}") = "ViewPointReader", "ViewPointReader\ViewPointReader\ViewPointReader.csproj", "{AD38E6E5-2BF5-494E-B29F-F6A7CED021F1}"
EndProject
Project("{9A19103F-16F7-4668-BE54-9A1E7A4F7556}") = "ViewPointReader.Web", "ViewPointReader.Web\ViewPointReader.Web.csproj", "{109E7E8C-EBB9-4C08-A4B7-3EB51B246411}"
EndProject
Project("{9A19103F-16F7-4668-BE54-9A1E7A4F7556}") = "ViewPointReader.Web.UnitTests", "ViewPointReader.Web.UnitTests\ViewPointReader.Web.UnitTests.csproj", "{E5FA65D4-7A79-4D01-970C-AD5A85B7E2E4}"
EndProject
Project("{9A19103F-16F7-4668-BE54-9A1E7A4F7556}") = "ViewPointReader.Web.IntegrationTests", "ViewPointReader.Web.IntegrationTests\ViewPointReader.Web.IntegrationTests.csproj", "{C91B2B29-2FA6-4D38-9552-5CC17BB06BAF}"
EndProject
Project("{9A19103F-16F7-4668-BE54-9A1E7A4F7556}") = "FeedReader", "..\FeedReader\FeedReader\FeedReader.csproj", "{3113E432-CAF3-43D6-ABB7-A630016E39C5}"
EndProject
Project("{FAE04EC0-301F-11D3-BF4B-00C04F79EFBC}") = "FeedReader.Tests", "..\FeedReader\FeedReader.Tests\FeedReader.Tests.csproj", "{CE70B54F-0456-4854-8FA9-F6C70F943ABC}"
EndProject
Project("{9A19103F-16F7-4668-BE54-9A1E7A4F7556}") = "ViewPointReader.Rss", "ViewPointReader.Rss\ViewPointReader.Rss.csproj", "{E24390BC-0155-4566-B686-6467F22B57A2}"
EndProject
Project("{9A19103F-16F7-4668-BE54-9A1E7A4F7556}") = "ViewPointReader.Rss.UnitTests", "ViewPointReader.Rss.UnitTests\ViewPointReader.Rss.UnitTests.csproj", "{36775FE6-6028-482D-A91B-DD5E8D9E8171}"
EndProject
Project("{FAE04EC0-301F-11D3-BF4B-00C04F79EFBC}") = "ViewPointReader.Rss.IntegrationTests", "ViewPointReader.Rss.IntegrationTests\ViewPointReader.Rss.IntegrationTests.csproj", "{E4AE9270-17F8-4901-B9FE-E626A9CB9E2F}"
EndProject
Global
	GlobalSection(SolutionConfigurationPlatforms) = preSolution
		Debug|Any CPU = Debug|Any CPU
		Debug|iPhone = Debug|iPhone
		Debug|iPhoneSimulator = Debug|iPhoneSimulator
		Release|Any CPU = Release|Any CPU
		Release|iPhone = Release|iPhone
		Release|iPhoneSimulator = Release|iPhoneSimulator
	EndGlobalSection
	GlobalSection(ProjectConfigurationPlatforms) = postSolution
		{0B5C1BB3-F70A-4365-BF36-E6BF4F0CE279}.Debug|Any CPU.ActiveCfg = Debug|Any CPU
		{0B5C1BB3-F70A-4365-BF36-E6BF4F0CE279}.Debug|Any CPU.Build.0 = Debug|Any CPU
		{0B5C1BB3-F70A-4365-BF36-E6BF4F0CE279}.Debug|Any CPU.Deploy.0 = Debug|Any CPU
		{0B5C1BB3-F70A-4365-BF36-E6BF4F0CE279}.Debug|iPhone.ActiveCfg = Debug|Any CPU
		{0B5C1BB3-F70A-4365-BF36-E6BF4F0CE279}.Debug|iPhone.Build.0 = Debug|Any CPU
		{0B5C1BB3-F70A-4365-BF36-E6BF4F0CE279}.Debug|iPhone.Deploy.0 = Debug|Any CPU
		{0B5C1BB3-F70A-4365-BF36-E6BF4F0CE279}.Debug|iPhoneSimulator.ActiveCfg = Debug|Any CPU
		{0B5C1BB3-F70A-4365-BF36-E6BF4F0CE279}.Debug|iPhoneSimulator.Build.0 = Debug|Any CPU
		{0B5C1BB3-F70A-4365-BF36-E6BF4F0CE279}.Debug|iPhoneSimulator.Deploy.0 = Debug|Any CPU
		{0B5C1BB3-F70A-4365-BF36-E6BF4F0CE279}.Release|Any CPU.ActiveCfg = Release|Any CPU
		{0B5C1BB3-F70A-4365-BF36-E6BF4F0CE279}.Release|Any CPU.Build.0 = Release|Any CPU
		{0B5C1BB3-F70A-4365-BF36-E6BF4F0CE279}.Release|Any CPU.Deploy.0 = Release|Any CPU
		{0B5C1BB3-F70A-4365-BF36-E6BF4F0CE279}.Release|iPhone.ActiveCfg = Release|Any CPU
		{0B5C1BB3-F70A-4365-BF36-E6BF4F0CE279}.Release|iPhone.Build.0 = Release|Any CPU
		{0B5C1BB3-F70A-4365-BF36-E6BF4F0CE279}.Release|iPhone.Deploy.0 = Release|Any CPU
		{0B5C1BB3-F70A-4365-BF36-E6BF4F0CE279}.Release|iPhoneSimulator.ActiveCfg = Release|Any CPU
		{0B5C1BB3-F70A-4365-BF36-E6BF4F0CE279}.Release|iPhoneSimulator.Build.0 = Release|Any CPU
		{0B5C1BB3-F70A-4365-BF36-E6BF4F0CE279}.Release|iPhoneSimulator.Deploy.0 = Release|Any CPU
		{94B0FD09-76BD-40D7-96DE-D5C9471E5500}.Debug|Any CPU.ActiveCfg = Debug|iPhoneSimulator
		{94B0FD09-76BD-40D7-96DE-D5C9471E5500}.Debug|Any CPU.Build.0 = Debug|iPhoneSimulator
		{94B0FD09-76BD-40D7-96DE-D5C9471E5500}.Debug|Any CPU.Deploy.0 = Debug|iPhoneSimulator
		{94B0FD09-76BD-40D7-96DE-D5C9471E5500}.Debug|iPhone.ActiveCfg = Debug|iPhone
		{94B0FD09-76BD-40D7-96DE-D5C9471E5500}.Debug|iPhone.Build.0 = Debug|iPhone
		{94B0FD09-76BD-40D7-96DE-D5C9471E5500}.Debug|iPhone.Deploy.0 = Debug|iPhone
		{94B0FD09-76BD-40D7-96DE-D5C9471E5500}.Debug|iPhoneSimulator.ActiveCfg = Debug|iPhoneSimulator
		{94B0FD09-76BD-40D7-96DE-D5C9471E5500}.Debug|iPhoneSimulator.Build.0 = Debug|iPhoneSimulator
		{94B0FD09-76BD-40D7-96DE-D5C9471E5500}.Debug|iPhoneSimulator.Deploy.0 = Debug|iPhoneSimulator
		{94B0FD09-76BD-40D7-96DE-D5C9471E5500}.Release|Any CPU.ActiveCfg = Release|iPhone
		{94B0FD09-76BD-40D7-96DE-D5C9471E5500}.Release|Any CPU.Build.0 = Release|iPhone
		{94B0FD09-76BD-40D7-96DE-D5C9471E5500}.Release|Any CPU.Deploy.0 = Release|iPhone
		{94B0FD09-76BD-40D7-96DE-D5C9471E5500}.Release|iPhone.ActiveCfg = Release|iPhone
		{94B0FD09-76BD-40D7-96DE-D5C9471E5500}.Release|iPhone.Build.0 = Release|iPhone
		{94B0FD09-76BD-40D7-96DE-D5C9471E5500}.Release|iPhone.Deploy.0 = Release|iPhone
		{94B0FD09-76BD-40D7-96DE-D5C9471E5500}.Release|iPhoneSimulator.ActiveCfg = Release|iPhoneSimulator
		{94B0FD09-76BD-40D7-96DE-D5C9471E5500}.Release|iPhoneSimulator.Build.0 = Release|iPhoneSimulator
		{94B0FD09-76BD-40D7-96DE-D5C9471E5500}.Release|iPhoneSimulator.Deploy.0 = Release|iPhoneSimulator
		{AD38E6E5-2BF5-494E-B29F-F6A7CED021F1}.Debug|Any CPU.ActiveCfg = Debug|Any CPU
		{AD38E6E5-2BF5-494E-B29F-F6A7CED021F1}.Debug|Any CPU.Build.0 = Debug|Any CPU
		{AD38E6E5-2BF5-494E-B29F-F6A7CED021F1}.Debug|Any CPU.Deploy.0 = Debug|Any CPU
		{AD38E6E5-2BF5-494E-B29F-F6A7CED021F1}.Debug|iPhone.ActiveCfg = Debug|Any CPU
		{AD38E6E5-2BF5-494E-B29F-F6A7CED021F1}.Debug|iPhone.Build.0 = Debug|Any CPU
		{AD38E6E5-2BF5-494E-B29F-F6A7CED021F1}.Debug|iPhone.Deploy.0 = Debug|Any CPU
		{AD38E6E5-2BF5-494E-B29F-F6A7CED021F1}.Debug|iPhoneSimulator.ActiveCfg = Debug|Any CPU
		{AD38E6E5-2BF5-494E-B29F-F6A7CED021F1}.Debug|iPhoneSimulator.Build.0 = Debug|Any CPU
		{AD38E6E5-2BF5-494E-B29F-F6A7CED021F1}.Debug|iPhoneSimulator.Deploy.0 = Debug|Any CPU
		{AD38E6E5-2BF5-494E-B29F-F6A7CED021F1}.Release|Any CPU.ActiveCfg = Release|Any CPU
		{AD38E6E5-2BF5-494E-B29F-F6A7CED021F1}.Release|Any CPU.Build.0 = Release|Any CPU
		{AD38E6E5-2BF5-494E-B29F-F6A7CED021F1}.Release|Any CPU.Deploy.0 = Release|Any CPU
		{AD38E6E5-2BF5-494E-B29F-F6A7CED021F1}.Release|iPhone.ActiveCfg = Release|Any CPU
		{AD38E6E5-2BF5-494E-B29F-F6A7CED021F1}.Release|iPhone.Build.0 = Release|Any CPU
		{AD38E6E5-2BF5-494E-B29F-F6A7CED021F1}.Release|iPhone.Deploy.0 = Release|Any CPU
		{AD38E6E5-2BF5-494E-B29F-F6A7CED021F1}.Release|iPhoneSimulator.ActiveCfg = Release|Any CPU
		{AD38E6E5-2BF5-494E-B29F-F6A7CED021F1}.Release|iPhoneSimulator.Build.0 = Release|Any CPU
		{AD38E6E5-2BF5-494E-B29F-F6A7CED021F1}.Release|iPhoneSimulator.Deploy.0 = Release|Any CPU
		{109E7E8C-EBB9-4C08-A4B7-3EB51B246411}.Debug|Any CPU.ActiveCfg = Debug|Any CPU
		{109E7E8C-EBB9-4C08-A4B7-3EB51B246411}.Debug|Any CPU.Build.0 = Debug|Any CPU
		{109E7E8C-EBB9-4C08-A4B7-3EB51B246411}.Debug|iPhone.ActiveCfg = Debug|Any CPU
		{109E7E8C-EBB9-4C08-A4B7-3EB51B246411}.Debug|iPhone.Build.0 = Debug|Any CPU
		{109E7E8C-EBB9-4C08-A4B7-3EB51B246411}.Debug|iPhoneSimulator.ActiveCfg = Debug|Any CPU
		{109E7E8C-EBB9-4C08-A4B7-3EB51B246411}.Debug|iPhoneSimulator.Build.0 = Debug|Any CPU
		{109E7E8C-EBB9-4C08-A4B7-3EB51B246411}.Release|Any CPU.ActiveCfg = Release|Any CPU
		{109E7E8C-EBB9-4C08-A4B7-3EB51B246411}.Release|Any CPU.Build.0 = Release|Any CPU
		{109E7E8C-EBB9-4C08-A4B7-3EB51B246411}.Release|iPhone.ActiveCfg = Release|Any CPU
		{109E7E8C-EBB9-4C08-A4B7-3EB51B246411}.Release|iPhone.Build.0 = Release|Any CPU
		{109E7E8C-EBB9-4C08-A4B7-3EB51B246411}.Release|iPhoneSimulator.ActiveCfg = Release|Any CPU
		{109E7E8C-EBB9-4C08-A4B7-3EB51B246411}.Release|iPhoneSimulator.Build.0 = Release|Any CPU
		{E5FA65D4-7A79-4D01-970C-AD5A85B7E2E4}.Debug|Any CPU.ActiveCfg = Debug|Any CPU
		{E5FA65D4-7A79-4D01-970C-AD5A85B7E2E4}.Debug|Any CPU.Build.0 = Debug|Any CPU
		{E5FA65D4-7A79-4D01-970C-AD5A85B7E2E4}.Debug|iPhone.ActiveCfg = Debug|Any CPU
		{E5FA65D4-7A79-4D01-970C-AD5A85B7E2E4}.Debug|iPhone.Build.0 = Debug|Any CPU
		{E5FA65D4-7A79-4D01-970C-AD5A85B7E2E4}.Debug|iPhoneSimulator.ActiveCfg = Debug|Any CPU
		{E5FA65D4-7A79-4D01-970C-AD5A85B7E2E4}.Debug|iPhoneSimulator.Build.0 = Debug|Any CPU
		{E5FA65D4-7A79-4D01-970C-AD5A85B7E2E4}.Release|Any CPU.ActiveCfg = Release|Any CPU
		{E5FA65D4-7A79-4D01-970C-AD5A85B7E2E4}.Release|Any CPU.Build.0 = Release|Any CPU
		{E5FA65D4-7A79-4D01-970C-AD5A85B7E2E4}.Release|iPhone.ActiveCfg = Release|Any CPU
		{E5FA65D4-7A79-4D01-970C-AD5A85B7E2E4}.Release|iPhone.Build.0 = Release|Any CPU
		{E5FA65D4-7A79-4D01-970C-AD5A85B7E2E4}.Release|iPhoneSimulator.ActiveCfg = Release|Any CPU
		{E5FA65D4-7A79-4D01-970C-AD5A85B7E2E4}.Release|iPhoneSimulator.Build.0 = Release|Any CPU
		{C91B2B29-2FA6-4D38-9552-5CC17BB06BAF}.Debug|Any CPU.ActiveCfg = Debug|Any CPU
		{C91B2B29-2FA6-4D38-9552-5CC17BB06BAF}.Debug|Any CPU.Build.0 = Debug|Any CPU
		{C91B2B29-2FA6-4D38-9552-5CC17BB06BAF}.Debug|iPhone.ActiveCfg = Debug|Any CPU
		{C91B2B29-2FA6-4D38-9552-5CC17BB06BAF}.Debug|iPhone.Build.0 = Debug|Any CPU
		{C91B2B29-2FA6-4D38-9552-5CC17BB06BAF}.Debug|iPhoneSimulator.ActiveCfg = Debug|Any CPU
		{C91B2B29-2FA6-4D38-9552-5CC17BB06BAF}.Debug|iPhoneSimulator.Build.0 = Debug|Any CPU
		{C91B2B29-2FA6-4D38-9552-5CC17BB06BAF}.Release|Any CPU.ActiveCfg = Release|Any CPU
		{C91B2B29-2FA6-4D38-9552-5CC17BB06BAF}.Release|Any CPU.Build.0 = Release|Any CPU
		{C91B2B29-2FA6-4D38-9552-5CC17BB06BAF}.Release|iPhone.ActiveCfg = Release|Any CPU
		{C91B2B29-2FA6-4D38-9552-5CC17BB06BAF}.Release|iPhone.Build.0 = Release|Any CPU
		{C91B2B29-2FA6-4D38-9552-5CC17BB06BAF}.Release|iPhoneSimulator.ActiveCfg = Release|Any CPU
		{C91B2B29-2FA6-4D38-9552-5CC17BB06BAF}.Release|iPhoneSimulator.Build.0 = Release|Any CPU
		{3113E432-CAF3-43D6-ABB7-A630016E39C5}.Debug|Any CPU.ActiveCfg = Debug|Any CPU
		{3113E432-CAF3-43D6-ABB7-A630016E39C5}.Debug|Any CPU.Build.0 = Debug|Any CPU
		{3113E432-CAF3-43D6-ABB7-A630016E39C5}.Debug|iPhone.ActiveCfg = Debug|Any CPU
		{3113E432-CAF3-43D6-ABB7-A630016E39C5}.Debug|iPhone.Build.0 = Debug|Any CPU
		{3113E432-CAF3-43D6-ABB7-A630016E39C5}.Debug|iPhoneSimulator.ActiveCfg = Debug|Any CPU
		{3113E432-CAF3-43D6-ABB7-A630016E39C5}.Debug|iPhoneSimulator.Build.0 = Debug|Any CPU
		{3113E432-CAF3-43D6-ABB7-A630016E39C5}.Release|Any CPU.ActiveCfg = Release|Any CPU
		{3113E432-CAF3-43D6-ABB7-A630016E39C5}.Release|Any CPU.Build.0 = Release|Any CPU
		{3113E432-CAF3-43D6-ABB7-A630016E39C5}.Release|iPhone.ActiveCfg = Release|Any CPU
		{3113E432-CAF3-43D6-ABB7-A630016E39C5}.Release|iPhone.Build.0 = Release|Any CPU
		{3113E432-CAF3-43D6-ABB7-A630016E39C5}.Release|iPhoneSimulator.ActiveCfg = Release|Any CPU
		{3113E432-CAF3-43D6-ABB7-A630016E39C5}.Release|iPhoneSimulator.Build.0 = Release|Any CPU
		{CE70B54F-0456-4854-8FA9-F6C70F943ABC}.Debug|Any CPU.ActiveCfg = Debug|Any CPU
		{CE70B54F-0456-4854-8FA9-F6C70F943ABC}.Debug|Any CPU.Build.0 = Debug|Any CPU
		{CE70B54F-0456-4854-8FA9-F6C70F943ABC}.Debug|iPhone.ActiveCfg = Debug|Any CPU
		{CE70B54F-0456-4854-8FA9-F6C70F943ABC}.Debug|iPhone.Build.0 = Debug|Any CPU
		{CE70B54F-0456-4854-8FA9-F6C70F943ABC}.Debug|iPhoneSimulator.ActiveCfg = Debug|Any CPU
		{CE70B54F-0456-4854-8FA9-F6C70F943ABC}.Debug|iPhoneSimulator.Build.0 = Debug|Any CPU
		{CE70B54F-0456-4854-8FA9-F6C70F943ABC}.Release|Any CPU.ActiveCfg = Release|Any CPU
		{CE70B54F-0456-4854-8FA9-F6C70F943ABC}.Release|Any CPU.Build.0 = Release|Any CPU
		{CE70B54F-0456-4854-8FA9-F6C70F943ABC}.Release|iPhone.ActiveCfg = Release|Any CPU
		{CE70B54F-0456-4854-8FA9-F6C70F943ABC}.Release|iPhone.Build.0 = Release|Any CPU
		{CE70B54F-0456-4854-8FA9-F6C70F943ABC}.Release|iPhoneSimulator.ActiveCfg = Release|Any CPU
		{CE70B54F-0456-4854-8FA9-F6C70F943ABC}.Release|iPhoneSimulator.Build.0 = Release|Any CPU
		{E24390BC-0155-4566-B686-6467F22B57A2}.Debug|Any CPU.ActiveCfg = Debug|Any CPU
		{E24390BC-0155-4566-B686-6467F22B57A2}.Debug|Any CPU.Build.0 = Debug|Any CPU
		{E24390BC-0155-4566-B686-6467F22B57A2}.Debug|iPhone.ActiveCfg = Debug|Any CPU
		{E24390BC-0155-4566-B686-6467F22B57A2}.Debug|iPhone.Build.0 = Debug|Any CPU
		{E24390BC-0155-4566-B686-6467F22B57A2}.Debug|iPhoneSimulator.ActiveCfg = Debug|Any CPU
		{E24390BC-0155-4566-B686-6467F22B57A2}.Debug|iPhoneSimulator.Build.0 = Debug|Any CPU
		{E24390BC-0155-4566-B686-6467F22B57A2}.Release|Any CPU.ActiveCfg = Release|Any CPU
		{E24390BC-0155-4566-B686-6467F22B57A2}.Release|Any CPU.Build.0 = Release|Any CPU
		{E24390BC-0155-4566-B686-6467F22B57A2}.Release|iPhone.ActiveCfg = Release|Any CPU
		{E24390BC-0155-4566-B686-6467F22B57A2}.Release|iPhone.Build.0 = Release|Any CPU
		{E24390BC-0155-4566-B686-6467F22B57A2}.Release|iPhoneSimulator.ActiveCfg = Release|Any CPU
		{E24390BC-0155-4566-B686-6467F22B57A2}.Release|iPhoneSimulator.Build.0 = Release|Any CPU
		{36775FE6-6028-482D-A91B-DD5E8D9E8171}.Debug|Any CPU.ActiveCfg = Debug|Any CPU
		{36775FE6-6028-482D-A91B-DD5E8D9E8171}.Debug|Any CPU.Build.0 = Debug|Any CPU
		{36775FE6-6028-482D-A91B-DD5E8D9E8171}.Debug|iPhone.ActiveCfg = Debug|Any CPU
		{36775FE6-6028-482D-A91B-DD5E8D9E8171}.Debug|iPhone.Build.0 = Debug|Any CPU
		{36775FE6-6028-482D-A91B-DD5E8D9E8171}.Debug|iPhoneSimulator.ActiveCfg = Debug|Any CPU
		{36775FE6-6028-482D-A91B-DD5E8D9E8171}.Debug|iPhoneSimulator.Build.0 = Debug|Any CPU
		{36775FE6-6028-482D-A91B-DD5E8D9E8171}.Release|Any CPU.ActiveCfg = Release|Any CPU
		{36775FE6-6028-482D-A91B-DD5E8D9E8171}.Release|Any CPU.Build.0 = Release|Any CPU
		{36775FE6-6028-482D-A91B-DD5E8D9E8171}.Release|iPhone.ActiveCfg = Release|Any CPU
		{36775FE6-6028-482D-A91B-DD5E8D9E8171}.Release|iPhone.Build.0 = Release|Any CPU
		{36775FE6-6028-482D-A91B-DD5E8D9E8171}.Release|iPhoneSimulator.ActiveCfg = Release|Any CPU
		{36775FE6-6028-482D-A91B-DD5E8D9E8171}.Release|iPhoneSimulator.Build.0 = Release|Any CPU
		{E4AE9270-17F8-4901-B9FE-E626A9CB9E2F}.Debug|Any CPU.ActiveCfg = Debug|Any CPU
		{E4AE9270-17F8-4901-B9FE-E626A9CB9E2F}.Debug|Any CPU.Build.0 = Debug|Any CPU
		{E4AE9270-17F8-4901-B9FE-E626A9CB9E2F}.Debug|iPhone.ActiveCfg = Debug|Any CPU
		{E4AE9270-17F8-4901-B9FE-E626A9CB9E2F}.Debug|iPhone.Build.0 = Debug|Any CPU
		{E4AE9270-17F8-4901-B9FE-E626A9CB9E2F}.Debug|iPhoneSimulator.ActiveCfg = Debug|Any CPU
		{E4AE9270-17F8-4901-B9FE-E626A9CB9E2F}.Debug|iPhoneSimulator.Build.0 = Debug|Any CPU
		{E4AE9270-17F8-4901-B9FE-E626A9CB9E2F}.Release|Any CPU.ActiveCfg = Release|Any CPU
		{E4AE9270-17F8-4901-B9FE-E626A9CB9E2F}.Release|Any CPU.Build.0 = Release|Any CPU
		{E4AE9270-17F8-4901-B9FE-E626A9CB9E2F}.Release|iPhone.ActiveCfg = Release|Any CPU
		{E4AE9270-17F8-4901-B9FE-E626A9CB9E2F}.Release|iPhone.Build.0 = Release|Any CPU
		{E4AE9270-17F8-4901-B9FE-E626A9CB9E2F}.Release|iPhoneSimulator.ActiveCfg = Release|Any CPU
		{E4AE9270-17F8-4901-B9FE-E626A9CB9E2F}.Release|iPhoneSimulator.Build.0 = Release|Any CPU
	EndGlobalSection
	GlobalSection(SolutionProperties) = preSolution
		HideSolutionNode = FALSE
	EndGlobalSection
	GlobalSection(ExtensibilityGlobals) = postSolution
		SolutionGuid = {A8BBB922-C3EE-4FF8-B011-11D39B734D0F}
	EndGlobalSection
EndGlobal
